// !$*UTF8*$!
{
	archiveVersion = 1;
	classes = {
	};
	objectVersion = 50;
	objects = {

/* Begin PBXBuildFile section */
		EF1F925720DD1277008966E1 /* AppDelegate.swift in Sources */ = {isa = PBXBuildFile; fileRef = EF1F925620DD1277008966E1 /* AppDelegate.swift */; };
		EF1F925920DD1277008966E1 /* ViewController.swift in Sources */ = {isa = PBXBuildFile; fileRef = EF1F925820DD1277008966E1 /* ViewController.swift */; };
		EF1F925C20DD1277008966E1 /* Main.storyboard in Resources */ = {isa = PBXBuildFile; fileRef = EF1F925A20DD1277008966E1 /* Main.storyboard */; };
		EF1F925E20DD127F008966E1 /* Assets.xcassets in Resources */ = {isa = PBXBuildFile; fileRef = EF1F925D20DD127F008966E1 /* Assets.xcassets */; };
		EF1F926120DD127F008966E1 /* LaunchScreen.storyboard in Resources */ = {isa = PBXBuildFile; fileRef = EF1F925F20DD127F008966E1 /* LaunchScreen.storyboard */; };
		EF1F926920DD1645008966E1 /* TableViewController.swift in Sources */ = {isa = PBXBuildFile; fileRef = EF1F926820DD1645008966E1 /* TableViewController.swift */; };
		EF1F926B20DD1C11008966E1 /* HeaderTableViewCell.swift in Sources */ = {isa = PBXBuildFile; fileRef = EF1F926A20DD1C11008966E1 /* HeaderTableViewCell.swift */; };
		EF1F926D20DD1C1E008966E1 /* ContentTableViewCell.swift in Sources */ = {isa = PBXBuildFile; fileRef = EF1F926C20DD1C1E008966E1 /* ContentTableViewCell.swift */; };
/* End PBXBuildFile section */

/* Begin PBXFileReference section */
		EF1F925320DD1277008966E1 /* TableViewCellSizing.app */ = {isa = PBXFileReference; explicitFileType = wrapper.application; includeInIndex = 0; path = TableViewCellSizing.app; sourceTree = BUILT_PRODUCTS_DIR; };
		EF1F925620DD1277008966E1 /* AppDelegate.swift */ = {isa = PBXFileReference; lastKnownFileType = sourcecode.swift; path = AppDelegate.swift; sourceTree = "<group>"; };
		EF1F925820DD1277008966E1 /* ViewController.swift */ = {isa = PBXFileReference; lastKnownFileType = sourcecode.swift; path = ViewController.swift; sourceTree = "<group>"; };
		EF1F925B20DD1277008966E1 /* Base */ = {isa = PBXFileReference; lastKnownFileType = file.storyboard; name = Base; path = Base.lproj/Main.storyboard; sourceTree = "<group>"; };
		EF1F925D20DD127F008966E1 /* Assets.xcassets */ = {isa = PBXFileReference; lastKnownFileType = folder.assetcatalog; path = Assets.xcassets; sourceTree = "<group>"; };
		EF1F926020DD127F008966E1 /* Base */ = {isa = PBXFileReference; lastKnownFileType = file.storyboard; name = Base; path = Base.lproj/LaunchScreen.storyboard; sourceTree = "<group>"; };
		EF1F926220DD127F008966E1 /* Info.plist */ = {isa = PBXFileReference; lastKnownFileType = text.plist.xml; path = Info.plist; sourceTree = "<group>"; };
		EF1F926820DD1645008966E1 /* TableViewController.swift */ = {isa = PBXFileReference; lastKnownFileType = sourcecode.swift; path = TableViewController.swift; sourceTree = "<group>"; };
		EF1F926A20DD1C11008966E1 /* HeaderTableViewCell.swift */ = {isa = PBXFileReference; lastKnownFileType = sourcecode.swift; path = HeaderTableViewCell.swift; sourceTree = "<group>"; };
		EF1F926C20DD1C1E008966E1 /* ContentTableViewCell.swift */ = {isa = PBXFileReference; lastKnownFileType = sourcecode.swift; path = ContentTableViewCell.swift; sourceTree = "<group>"; };
/* End PBXFileReference section */

/* Begin PBXFrameworksBuildPhase section */
		EF1F925020DD1277008966E1 /* Frameworks */ = {
			isa = PBXFrameworksBuildPhase;
			buildActionMask = 2147483647;
			files = (
			);
			runOnlyForDeploymentPostprocessing = 0;
		};
/* End PBXFrameworksBuildPhase section */

/* Begin PBXGroup section */
		EF1F924A20DD1277008966E1 = {
			isa = PBXGroup;
			children = (
				EF1F925520DD1277008966E1 /* TableViewCellSizing */,
				EF1F925420DD1277008966E1 /* Products */,
			);
			sourceTree = "<group>";
		};
		EF1F925420DD1277008966E1 /* Products */ = {
			isa = PBXGroup;
			children = (
				EF1F925320DD1277008966E1 /* TableViewCellSizing.app */,
			);
			name = Products;
			sourceTree = "<group>";
		};
		EF1F925520DD1277008966E1 /* TableViewCellSizing */ = {
			isa = PBXGroup;
			children = (
				EF1F925620DD1277008966E1 /* AppDelegate.swift */,
				EF1F925820DD1277008966E1 /* ViewController.swift */,
				EF1F925A20DD1277008966E1 /* Main.storyboard */,
				EF1F925D20DD127F008966E1 /* Assets.xcassets */,
				EF1F925F20DD127F008966E1 /* LaunchScreen.storyboard */,
				EF1F926220DD127F008966E1 /* Info.plist */,
				EF1F926820DD1645008966E1 /* TableViewController.swift */,
				EF1F926A20DD1C11008966E1 /* HeaderTableViewCell.swift */,
				EF1F926C20DD1C1E008966E1 /* ContentTableViewCell.swift */,
			);
			path = TableViewCellSizing;
			sourceTree = "<group>";
		};
/* End PBXGroup section */

/* Begin PBXNativeTarget section */
		EF1F925220DD1277008966E1 /* TableViewCellSizing */ = {
			isa = PBXNativeTarget;
			buildConfigurationList = EF1F926520DD127F008966E1 /* Build configuration list for PBXNativeTarget "TableViewCellSizing" */;
			buildPhases = (
				EF1F924F20DD1277008966E1 /* Sources */,
				EF1F925020DD1277008966E1 /* Frameworks */,
				EF1F925120DD1277008966E1 /* Resources */,
			);
			buildRules = (
			);
			dependencies = (
			);
			name = TableViewCellSizing;
			productName = Reddit;
			productReference = EF1F925320DD1277008966E1 /* TableViewCellSizing.app */;
			productType = "com.apple.product-type.application";
		};
/* End PBXNativeTarget section */

/* Begin PBXProject section */
		EF1F924B20DD1277008966E1 /* Project object */ = {
			isa = PBXProject;
			attributes = {
				LastSwiftUpdateCheck = 0940;
				LastUpgradeCheck = 0940;
				ORGANIZATIONNAME = "Gerald Wood";
				TargetAttributes = {
					EF1F925220DD1277008966E1 = {
						CreatedOnToolsVersion = 9.4.1;
					};
				};
			};
			buildConfigurationList = EF1F924E20DD1277008966E1 /* Build configuration list for PBXProject "TableViewCellSizing" */;
			compatibilityVersion = "Xcode 9.3";
			developmentRegion = en;
			hasScannedForEncodings = 0;
			knownRegions = (
				en,
				Base,
			);
			mainGroup = EF1F924A20DD1277008966E1;
			productRefGroup = EF1F925420DD1277008966E1 /* Products */;
			projectDirPath = "";
			projectRoot = "";
			targets = (
				EF1F925220DD1277008966E1 /* TableViewCellSizing */,
			);
		};
/* End PBXProject section */

/* Begin PBXResourcesBuildPhase section */
		EF1F925120DD1277008966E1 /* Resources */ = {
			isa = PBXResourcesBuildPhase;
			buildActionMask = 2147483647;
			files = (
				EF1F926120DD127F008966E1 /* LaunchScreen.storyboard in Resources */,
				EF1F925E20DD127F008966E1 /* Assets.xcassets in Resources */,
				EF1F925C20DD1277008966E1 /* Main.storyboard in Resources */,
			);
			runOnlyForDeploymentPostprocessing = 0;
		};
/* End PBXResourcesBuildPhase section */

/* Begin PBXSourcesBuildPhase section */
		EF1F924F20DD1277008966E1 /* Sources */ = {
			isa = PBXSourcesBuildPhase;
			buildActionMask = 2147483647;
			files = (
				EF1F926B20DD1C11008966E1 /* HeaderTableViewCell.swift in Sources */,
				EF1F925920DD1277008966E1 /* ViewController.swift in Sources */,
				EF1F926920DD1645008966E1 /* TableViewController.swift in Sources */,
				EF1F925720DD1277008966E1 /* AppDelegate.swift in Sources */,
				EF1F926D20DD1C1E008966E1 /* ContentTableViewCell.swift in Sources */,
			);
			runOnlyForDeploymentPostprocessing = 0;
		};
/* End PBXSourcesBuildPhase section */

/* Begin PBXVariantGroup section */
		EF1F925A20DD1277008966E1 /* Main.storyboard */ = {
			isa = PBXVariantGroup;
			children = (
				EF1F925B20DD1277008966E1 /* Base */,
			);
			name = Main.storyboard;
			sourceTree = "<group>";
		};
		EF1F925F20DD127F008966E1 /* LaunchScreen.storyboard */ = {
			isa = PBXVariantGroup;
			children = (
				EF1F926020DD127F008966E1 /* Base */,
			);
			name = LaunchScreen.storyboard;
			sourceTree = "<group>";
		};
/* End PBXVariantGroup section */

/* Begin XCBuildConfiguration section */
		EF1F926320DD127F008966E1 /* Debug */ = {
			isa = XCBuildConfiguration;
			buildSettings = {
				ALWAYS_SEARCH_USER_PATHS = NO;
				CLANG_ANALYZER_NONNULL = YES;
				CLANG_ANALYZER_NUMBER_OBJECT_CONVERSION = YES_AGGRESSIVE;
				CLANG_CXX_LANGUAGE_STANDARD = "gnu++14";
				CLANG_CXX_LIBRARY = "libc++";
				CLANG_ENABLE_MODULES = YES;
				CLANG_ENABLE_OBJC_ARC = YES;
				CLANG_ENABLE_OBJC_WEAK = YES;
				CLANG_WARN_BLOCK_CAPTURE_AUTORELEASING = YES;
				CLANG_WARN_BOOL_CONVERSION = YES;
				CLANG_WARN_COMMA = YES;
				CLANG_WARN_CONSTANT_CONVERSION = YES;
				CLANG_WARN_DEPRECATED_OBJC_IMPLEMENTATIONS = YES;
				CLANG_WARN_DIRECT_OBJC_ISA_USAGE = YES_ERROR;
				CLANG_WARN_DOCUMENTATION_COMMENTS = YES;
				CLANG_WARN_EMPTY_BODY = YES;
				CLANG_WARN_ENUM_CONVERSION = YES;
				CLANG_WARN_INFINITE_RECURSION = YES;
				CLANG_WARN_INT_CONVERSION = YES;
				CLANG_WARN_NON_LITERAL_NULL_CONVERSION = YES;
				CLANG_WARN_OBJC_IMPLICIT_RETAIN_SELF = YES;
				CLANG_WARN_OBJC_LITERAL_CONVERSION = YES;
				CLANG_WARN_OBJC_ROOT_CLASS = YES_ERROR;
				CLANG_WARN_RANGE_LOOP_ANALYSIS = YES;
				CLANG_WARN_STRICT_PROTOTYPES = YES;
				CLANG_WARN_SUSPICIOUS_MOVE = YES;
				CLANG_WARN_UNGUARDED_AVAILABILITY = YES_AGGRESSIVE;
				CLANG_WARN_UNREACHABLE_CODE = YES;
				CLANG_WARN__DUPLICATE_METHOD_MATCH = YES;
				CODE_SIGN_IDENTITY = "iPhone Developer";
				COPY_PHASE_STRIP = NO;
				DEBUG_INFORMATION_FORMAT = dwarf;
				ENABLE_STRICT_OBJC_MSGSEND = YES;
				ENABLE_TESTABILITY = YES;
				GCC_C_LANGUAGE_STANDARD = gnu11;
				GCC_DYNAMIC_NO_PIC = NO;
				GCC_NO_COMMON_BLOCKS = YES;
				GCC_OPTIMIZATION_LEVEL = 0;
				GCC_PREPROCESSOR_DEFINITIONS = (
					"DEBUG=1",
					"$(inherited)",
				);
				GCC_WARN_64_TO_32_BIT_CONVERSION = YES;
				GCC_WARN_ABOUT_RETURN_TYPE = YES_ERROR;
				GCC_WARN_UNDECLARED_SELECTOR = YES;
				GCC_WARN_UNINITIALIZED_AUTOS = YES_AGGRESSIVE;
				GCC_WARN_UNUSED_FUNCTION = YES;
				GCC_WARN_UNUSED_VARIABLE = YES;
				IPHONEOS_DEPLOYMENT_TARGET = 11.4;
				MTL_ENABLE_DEBUG_INFO = YES;
				ONLY_ACTIVE_ARCH = YES;
				SDKROOT = iphoneos;
				SWIFT_ACTIVE_COMPILATION_CONDITIONS = DEBUG;
				SWIFT_OPTIMIZATION_LEVEL = "-Onone";
			};
			name = Debug;
		};
		EF1F926420DD127F008966E1 /* Release */ = {
			isa = XCBuildConfiguration;
			buildSettings = {
				ALWAYS_SEARCH_USER_PATHS = NO;
				CLANG_ANALYZER_NONNULL = YES;
				CLANG_ANALYZER_NUMBER_OBJECT_CONVERSION = YES_AGGRESSIVE;
				CLANG_CXX_LANGUAGE_STANDARD = "gnu++14";
				CLANG_CXX_LIBRARY = "libc++";
				CLANG_ENABLE_MODULES = YES;
				CLANG_ENABLE_OBJC_ARC = YES;
				CLANG_ENABLE_OBJC_WEAK = YES;
				CLANG_WARN_BLOCK_CAPTURE_AUTORELEASING = YES;
				CLANG_WARN_BOOL_CONVERSION = YES;
				CLANG_WARN_COMMA = YES;
				CLANG_WARN_CONSTANT_CONVERSION = YES;
				CLANG_WARN_DEPRECATED_OBJC_IMPLEMENTATIONS = YES;
				CLANG_WARN_DIRECT_OBJC_ISA_USAGE = YES_ERROR;
				CLANG_WARN_DOCUMENTATION_COMMENTS = YES;
				CLANG_WARN_EMPTY_BODY = YES;
				CLANG_WARN_ENUM_CONVERSION = YES;
				CLANG_WARN_INFINITE_RECURSION = YES;
				CLANG_WARN_INT_CONVERSION = YES;
				CLANG_WARN_NON_LITERAL_NULL_CONVERSION = YES;
				CLANG_WARN_OBJC_IMPLICIT_RETAIN_SELF = YES;
				CLANG_WARN_OBJC_LITERAL_CONVERSION = YES;
				CLANG_WARN_OBJC_ROOT_CLASS = YES_ERROR;
				CLANG_WARN_RANGE_LOOP_ANALYSIS = YES;
				CLANG_WARN_STRICT_PROTOTYPES = YES;
				CLANG_WARN_SUSPICIOUS_MOVE = YES;
				CLANG_WARN_UNGUARDED_AVAILABILITY = YES_AGGRESSIVE;
				CLANG_WARN_UNREACHABLE_CODE = YES;
				CLANG_WARN__DUPLICATE_METHOD_MATCH = YES;
				CODE_SIGN_IDENTITY = "iPhone Developer";
				COPY_PHASE_STRIP = NO;
				DEBUG_INFORMATION_FORMAT = "dwarf-with-dsym";
				ENABLE_NS_ASSERTIONS = NO;
				ENABLE_STRICT_OBJC_MSGSEND = YES;
				GCC_C_LANGUAGE_STANDARD = gnu11;
				GCC_NO_COMMON_BLOCKS = YES;
				GCC_WARN_64_TO_32_BIT_CONVERSION = YES;
				GCC_WARN_ABOUT_RETURN_TYPE = YES_ERROR;
				GCC_WARN_UNDECLARED_SELECTOR = YES;
				GCC_WARN_UNINITIALIZED_AUTOS = YES_AGGRESSIVE;
				GCC_WARN_UNUSED_FUNCTION = YES;
				GCC_WARN_UNUSED_VARIABLE = YES;
				IPHONEOS_DEPLOYMENT_TARGET = 11.4;
				MTL_ENABLE_DEBUG_INFO = NO;
				SDKROOT = iphoneos;
				SWIFT_COMPILATION_MODE = wholemodule;
				SWIFT_OPTIMIZATION_LEVEL = "-O";
				VALIDATE_PRODUCT = YES;
			};
			name = Release;
		};
		EF1F926620DD127F008966E1 /* Debug */ = {
			isa = XCBuildConfiguration;
			buildSettings = {
				ASSETCATALOG_COMPILER_APPICON_NAME = AppIcon;
				CODE_SIGN_STYLE = Automatic;
				DEVELOPMENT_TEAM = 4PE9EU547H;
				INFOPLIST_FILE = Reddit/Info.plist;
				LD_RUNPATH_SEARCH_PATHS = (
					"$(inherited)",
					"@executable_path/Frameworks",
				);
				PRODUCT_BUNDLE_IDENTIFIER = com.lknlife.Reddit;
				PRODUCT_NAME = "$(TARGET_NAME)";
				SWIFT_VERSION = 4.0;
				TARGETED_DEVICE_FAMILY = "1,2";
			};
			name = Debug;
		};
		EF1F926720DD127F008966E1 /* Release */ = {
			isa = XCBuildConfiguration;
			buildSettings = {
				ASSETCATALOG_COMPILER_APPICON_NAME = AppIcon;
				CODE_SIGN_STYLE = Automatic;
				DEVELOPMENT_TEAM = 4PE9EU547H;
				INFOPLIST_FILE = Reddit/Info.plist;
				LD_RUNPATH_SEARCH_PATHS = (
					"$(inherited)",
					"@executable_path/Frameworks",
				);
				PRODUCT_BUNDLE_IDENTIFIER = com.lknlife.Reddit;
				PRODUCT_NAME = "$(TARGET_NAME)";
				SWIFT_VERSION = 4.0;
				TARGETED_DEVICE_FAMILY = "1,2";
			};
			name = Release;
		};
/* End XCBuildConfiguration section */

/* Begin XCConfigurationList section */
		EF1F924E20DD1277008966E1 /* Build configuration list for PBXProject "TableViewCellSizing" */ = {
			isa = XCConfigurationList;
			buildConfigurations = (
				EF1F926320DD127F008966E1 /* Debug */,
				EF1F926420DD127F008966E1 /* Release */,
			);
			defaultConfigurationIsVisible = 0;
			defaultConfigurationName = Release;
		};
		EF1F926520DD127F008966E1 /* Build configuration list for PBXNativeTarget "TableViewCellSizing" */ = {
			isa = XCConfigurationList;
			buildConfigurations = (
				EF1F926620DD127F008966E1 /* Debug */,
				EF1F926720DD127F008966E1 /* Release */,
			);
			defaultConfigurationIsVisible = 0;
			defaultConfigurationName = Release;
		};
/* End XCConfigurationList section */
	};
	rootObject = EF1F924B20DD1277008966E1 /* Project object */;
}
